{
    "_meta": {
        "hash": {
            "sha256": "ad990b2533965112f15d39e9e177eea76807066eda5247e653f57ec66e3adbfd"
        },
        "pipfile-spec": 6,
        "requires": {
            "python_version": "3.12"
        },
        "sources": [
            {
                "name": "pypi",
                "url": "https://pypi.org/simple",
                "verify_ssl": true
            }
        ]
    },
    "default": {
        "marshmallow": {
            "hashes": [
                "sha256:46c4fe6984707e3cbd485dfebbf0a59874f58d695aad05c1668d15e8c6e13b46",
                "sha256:fb43c53b3fe240b8f6af37223d6ef1636f927ad9bea8ab323afad95dff090880"
            ],
            "index": "pypi",
            "markers": "python_version >= '3.10'",
            "version": "==4.3.0"
        }
    },
    "develop": {}
}
